{
  "originHash" : "26526f1c910d9dce21ef38c9226cbfca738e8511855e10276aea9dcd09ae7899",
  "pins" : [
    {
      "identity" : "fcuuid",
      "kind" : "remoteSourceControl",
      "location" : "https://github.com/fabiocaccamo/FCUUID",
      "state" : {
        "revision" : "0feaccaa517ef5979d58b4fc94746507e200c118",
        "version" : "1.3.2"
      }
    },
    {
      "identity" : "keychainaccess",
      "kind" : "remoteSourceControl",
      "location" : "https://github.com/kishikawakatsumi/KeychainAccess",
      "state" : {
        "revision" : "84e546727d66f1adc5439debad16270d0fdd04e7",
        "version" : "4.2.2"
      }
    },
    {
      "identity" : "kingfisher",
      "kind" : "remoteSourceControl",
      "location" : "https://github.com/onevcat/Kingfisher.git",
      "state" : {
        "revision" : "5b92f029fab2cce44386d28588098b5be0824ef5",
        "version" : "7.11.0"
      }
    },
    {
      "identity" : "lottie-spm",
      "kind" : "remoteSourceControl",
      "location" : "https://github.com/airbnb/lottie-spm.git",
      "state" : {
        "revision" : "1d29eccc24cc8b75bff9f6804155112c0ffc9605",
        "version" : "4.4.3"
      }
    },
    {
      "identity" : "supabase-swift",
      "kind" : "remoteSourceControl",
      "location" : "https://github.com/supabase-community/supabase-swift.git",
      "state" : {
        "revision" : "036c03d4862bd93f4d93c88f9a365dc292abb74f",
        "version" : "2.0.0"
      }
    },
    {
      "identity" : "swift-concurrency-extras",
      "kind" : "remoteSourceControl",
      "location" : "https://github.com/pointfreeco/swift-concurrency-extras",
      "state" : {
        "revision" : "bb5059bde9022d69ac516803f4f227d8ac967f71",
        "version" : "1.1.0"
      }
    },
    {
      "identity" : "uickeychainstore",
      "kind" : "remoteSourceControl",
      "location" : "https://github.com/kishikawakatsumi/UICKeyChainStore",
      "state" : {
        "revision" : "8220ac38124613fb709508426f75fbac6921e261",
        "version" : "2.2.1"
      }
    }
  ],
  "version" : 3
}
